{
  "name": "api",
  "version": "1.0.0",
  "lockfileVersion": 3,
  "requires": true,
  "packages": {
    "": {
      "name": "api",
      "version": "1.0.0",
      "license": "ISC",
      "devDependencies": {
        "vercel-php": "^0.7.0"
      }
    },
    "node_modules/@libphp/amazon-linux-2-v83": {
      "version": "0.0.14",
      "resolved": "https://registry.npmmirror.com/@libphp/amazon-linux-2-v83/-/amazon-linux-2-v83-0.0.14.tgz",
      "integrity": "sha512-afJiV0LATlekq/Lzc11qjVrE3tB26kLwD3DkZ2jnmSSgpQsCaDzIwAMeNxkP7zd75PBsg8NyHYb5/tSawG159w==",
      "dev": true,
      "license": "MIT"
    },
    "node_modules/vercel-php": {
      "version": "0.7.0",
      "resolved": "https://registry.npmmirror.com/vercel-php/-/vercel-php-0.7.0.tgz",
      "integrity": "sha512-4iIE3hR90i1pYC7EDkASIUM16P6768fdzr0S2K5exCmgT0yJXnF+5uW6jNJ3j5lZSTQvSt7ATPj/C4pPCr8fZQ==",
      "dev": true,
      "license": "MIT",
      "dependencies": {
        "@libphp/amazon-linux-2-v83": "latest"
      }
    }
  }
}
